
Microsoft Visual Studio Solution File, Format Version 12.00
# Visual Studio 15
VisualStudioVersion = 15.0.28307.902
MinimumVisualStudioVersion = 10.0.40219.1
Project("{FAE04EC0-301F-11D3-BF4B-00C04F79EFBC}") = "Insulin", "Insulin\Insulin.csproj", "{599854E5-03EC-4AC2-8CE2-FC90F3EAB007}"
EndProject
Project("{FAE04EC0-301F-11D3-BF4B-00C04F79EFBC}") = "UnitTesting", "UnitTesting\UnitTesting.csproj", "{BE4AAD9E-728F-49C7-BA36-BE196FDB6D82}"
EndProject
Global
	GlobalSection(SolutionConfigurationPlatforms) = preSolution
		Debug|Any CPU = Debug|Any CPU
		Release|Any CPU = Release|Any CPU
	EndGlobalSection
	GlobalSection(ProjectConfigurationPlatforms) = postSolution
		{599854E5-03EC-4AC2-8CE2-FC90F3EAB007}.Debug|Any CPU.ActiveCfg = Debug|Any CPU
		{599854E5-03EC-4AC2-8CE2-FC90F3EAB007}.Debug|Any CPU.Build.0 = Debug|Any CPU
		{599854E5-03EC-4AC2-8CE2-FC90F3EAB007}.Release|Any CPU.ActiveCfg = Release|Any CPU
		{599854E5-03EC-4AC2-8CE2-FC90F3EAB007}.Release|Any CPU.Build.0 = Release|Any CPU
		{BE4AAD9E-728F-49C7-BA36-BE196FDB6D82}.Debug|Any CPU.ActiveCfg = Debug|Any CPU
		{BE4AAD9E-728F-49C7-BA36-BE196FDB6D82}.Debug|Any CPU.Build.0 = Debug|Any CPU
		{BE4AAD9E-728F-49C7-BA36-BE196FDB6D82}.Release|Any CPU.ActiveCfg = Release|Any CPU
		{BE4AAD9E-728F-49C7-BA36-BE196FDB6D82}.Release|Any CPU.Build.0 = Release|Any CPU
	EndGlobalSection
	GlobalSection(SolutionProperties) = preSolution
		HideSolutionNode = FALSE
	EndGlobalSection
	GlobalSection(ExtensibilityGlobals) = postSolution
		SolutionGuid = {3F9091B4-36C1-499D-97B4-B1CBE886BD80}
	EndGlobalSection
EndGlobal
