
Microsoft Visual Studio Solution File, Format Version 12.00
# Visual Studio 15
VisualStudioVersion = 15.0.28307.902
MinimumVisualStudioVersion = 10.0.40219.1
Project("{9092AA53-FB77-4645-B42D-1CCCA6BD08BD}") = "Insulin_JS", "Insulin_JS\Insulin_JS.njsproj", "{BFCFC83D-9A22-495B-87FF-EE99323B376A}"
EndProject
Global
	GlobalSection(SolutionConfigurationPlatforms) = preSolution
		Debug|Any CPU = Debug|Any CPU
		Release|Any CPU = Release|Any CPU
	EndGlobalSection
	GlobalSection(ProjectConfigurationPlatforms) = postSolution
		{BFCFC83D-9A22-495B-87FF-EE99323B376A}.Debug|Any CPU.ActiveCfg = Debug|Any CPU
		{BFCFC83D-9A22-495B-87FF-EE99323B376A}.Debug|Any CPU.Build.0 = Debug|Any CPU
		{BFCFC83D-9A22-495B-87FF-EE99323B376A}.Release|Any CPU.ActiveCfg = Release|Any CPU
		{BFCFC83D-9A22-495B-87FF-EE99323B376A}.Release|Any CPU.Build.0 = Release|Any CPU
	EndGlobalSection
	GlobalSection(SolutionProperties) = preSolution
		HideSolutionNode = FALSE
	EndGlobalSection
	GlobalSection(ExtensibilityGlobals) = postSolution
		SolutionGuid = {3CEB277E-4C55-43D1-B48F-4B5A12C88F6B}
	EndGlobalSection
EndGlobal
