
Microsoft Visual Studio Solution File, Format Version 12.00
# Visual Studio Version 16
VisualStudioVersion = 16.0.30002.166
MinimumVisualStudioVersion = 10.0.40219.1
Project("{FAE04EC0-301F-11D3-BF4B-00C04F79EFBC}") = "Philips_MVC_Visual", "Philips_MVC_Visual\Philips_MVC_Visual.csproj", "{B826A2E2-0EF9-483D-8302-6E91A31EDCE9}"
EndProject
Global
	GlobalSection(SolutionConfigurationPlatforms) = preSolution
		Debug|Any CPU = Debug|Any CPU
		Release|Any CPU = Release|Any CPU
	EndGlobalSection
	GlobalSection(ProjectConfigurationPlatforms) = postSolution
		{B826A2E2-0EF9-483D-8302-6E91A31EDCE9}.Debug|Any CPU.ActiveCfg = Debug|Any CPU
		{B826A2E2-0EF9-483D-8302-6E91A31EDCE9}.Debug|Any CPU.Build.0 = Debug|Any CPU
		{B826A2E2-0EF9-483D-8302-6E91A31EDCE9}.Release|Any CPU.ActiveCfg = Release|Any CPU
		{B826A2E2-0EF9-483D-8302-6E91A31EDCE9}.Release|Any CPU.Build.0 = Release|Any CPU
	EndGlobalSection
	GlobalSection(SolutionProperties) = preSolution
		HideSolutionNode = FALSE
	EndGlobalSection
	GlobalSection(ExtensibilityGlobals) = postSolution
		SolutionGuid = {FB9BA5D2-1428-4AB4-90CD-4C29A2A6BFDB}
	EndGlobalSection
EndGlobal
